// !$*UTF8*$!
{
	archiveVersion = 1;
	classes = {
	};
	objectVersion = 48;
	objects = {

/* Begin PBXBuildFile section */
		7C7EE2AC201D2108000A4FDD /* AppDelegate.swift in Sources */ = {isa = PBXBuildFile; fileRef = 7C7EE2AB201D2108000A4FDD /* AppDelegate.swift */; };
		7C7EE2AE201D2108000A4FDD /* ColorCollectionViewController.swift in Sources */ = {isa = PBXBuildFile; fileRef = 7C7EE2AD201D2108000A4FDD /* ColorCollectionViewController.swift */; };
		7C7EE2B3201D2108000A4FDD /* Assets.xcassets in Resources */ = {isa = PBXBuildFile; fileRef = 7C7EE2B2201D2108000A4FDD /* Assets.xcassets */; };
		7C7EE2B6201D2108000A4FDD /* LaunchScreen.storyboard in Resources */ = {isa = PBXBuildFile; fileRef = 7C7EE2B4201D2108000A4FDD /* LaunchScreen.storyboard */; };
		7C7EE2C1201D2108000A4FDD /* ColorCollectionDemoTests.swift in Sources */ = {isa = PBXBuildFile; fileRef = 7C7EE2C0201D2108000A4FDD /* ColorCollectionDemoTests.swift */; };
		7C7EE2CC201D23A8000A4FDD /* ColorCollectionPresenter.swift in Sources */ = {isa = PBXBuildFile; fileRef = 7C7EE2CB201D23A8000A4FDD /* ColorCollectionPresenter.swift */; };
/* End PBXBuildFile section */

/* Begin PBXContainerItemProxy section */
		7C7EE2BD201D2108000A4FDD /* PBXContainerItemProxy */ = {
			isa = PBXContainerItemProxy;
			containerPortal = 7C7EE2A0201D2108000A4FDD /* Project object */;
			proxyType = 1;
			remoteGlobalIDString = 7C7EE2A7201D2108000A4FDD;
			remoteInfo = ColorCollectionDemo;
		};
/* End PBXContainerItemProxy section */

/* Begin PBXFileReference section */
		7C7EE2A8201D2108000A4FDD /* ColorCollectionDemo.app */ = {isa = PBXFileReference; explicitFileType = wrapper.application; includeInIndex = 0; path = ColorCollectionDemo.app; sourceTree = BUILT_PRODUCTS_DIR; };
		7C7EE2AB201D2108000A4FDD /* AppDelegate.swift */ = {isa = PBXFileReference; lastKnownFileType = sourcecode.swift; path = AppDelegate.swift; sourceTree = "<group>"; };
		7C7EE2AD201D2108000A4FDD /* ColorCollectionViewController.swift */ = {isa = PBXFileReference; lastKnownFileType = sourcecode.swift; path = ColorCollectionViewController.swift; sourceTree = "<group>"; };
		7C7EE2B2201D2108000A4FDD /* Assets.xcassets */ = {isa = PBXFileReference; lastKnownFileType = folder.assetcatalog; path = Assets.xcassets; sourceTree = "<group>"; };
		7C7EE2B5201D2108000A4FDD /* Base */ = {isa = PBXFileReference; lastKnownFileType = file.storyboard; name = Base; path = Base.lproj/LaunchScreen.storyboard; sourceTree = "<group>"; };
		7C7EE2B7201D2108000A4FDD /* Info.plist */ = {isa = PBXFileReference; lastKnownFileType = text.plist.xml; path = Info.plist; sourceTree = "<group>"; };
		7C7EE2BC201D2108000A4FDD /* ColorCollectionDemoTests.xctest */ = {isa = PBXFileReference; explicitFileType = wrapper.cfbundle; includeInIndex = 0; path = ColorCollectionDemoTests.xctest; sourceTree = BUILT_PRODUCTS_DIR; };
		7C7EE2C0201D2108000A4FDD /* ColorCollectionDemoTests.swift */ = {isa = PBXFileReference; lastKnownFileType = sourcecode.swift; path = ColorCollectionDemoTests.swift; sourceTree = "<group>"; };
		7C7EE2C2201D2108000A4FDD /* Info.plist */ = {isa = PBXFileReference; lastKnownFileType = text.plist.xml; path = Info.plist; sourceTree = "<group>"; };
		7C7EE2CB201D23A8000A4FDD /* ColorCollectionPresenter.swift */ = {isa = PBXFileReference; lastKnownFileType = sourcecode.swift; path = ColorCollectionPresenter.swift; sourceTree = "<group>"; };
/* End PBXFileReference section */

/* Begin PBXFrameworksBuildPhase section */
		7C7EE2A5201D2108000A4FDD /* Frameworks */ = {
			isa = PBXFrameworksBuildPhase;
			buildActionMask = 2147483647;
			files = (
			);
			runOnlyForDeploymentPostprocessing = 0;
		};
		7C7EE2B9201D2108000A4FDD /* Frameworks */ = {
			isa = PBXFrameworksBuildPhase;
			buildActionMask = 2147483647;
			files = (
			);
			runOnlyForDeploymentPostprocessing = 0;
		};
/* End PBXFrameworksBuildPhase section */

/* Begin PBXGroup section */
		7C7EE29F201D2108000A4FDD = {
			isa = PBXGroup;
			children = (
				7C7EE2AA201D2108000A4FDD /* ColorCollectionDemo */,
				7C7EE2BF201D2108000A4FDD /* ColorCollectionDemoTests */,
				7C7EE2A9201D2108000A4FDD /* Products */,
			);
			sourceTree = "<group>";
		};
		7C7EE2A9201D2108000A4FDD /* Products */ = {
			isa = PBXGroup;
			children = (
				7C7EE2A8201D2108000A4FDD /* ColorCollectionDemo.app */,
				7C7EE2BC201D2108000A4FDD /* ColorCollectionDemoTests.xctest */,
			);
			name = Products;
			sourceTree = "<group>";
		};
		7C7EE2AA201D2108000A4FDD /* ColorCollectionDemo */ = {
			isa = PBXGroup;
			children = (
				7C7EE2AB201D2108000A4FDD /* AppDelegate.swift */,
				7C7EE2AD201D2108000A4FDD /* ColorCollectionViewController.swift */,
				7C7EE2B2201D2108000A4FDD /* Assets.xcassets */,
				7C7EE2B4201D2108000A4FDD /* LaunchScreen.storyboard */,
				7C7EE2B7201D2108000A4FDD /* Info.plist */,
				7C7EE2CB201D23A8000A4FDD /* ColorCollectionPresenter.swift */,
			);
			path = ColorCollectionDemo;
			sourceTree = "<group>";
		};
		7C7EE2BF201D2108000A4FDD /* ColorCollectionDemoTests */ = {
			isa = PBXGroup;
			children = (
				7C7EE2C0201D2108000A4FDD /* ColorCollectionDemoTests.swift */,
				7C7EE2C2201D2108000A4FDD /* Info.plist */,
			);
			path = ColorCollectionDemoTests;
			sourceTree = "<group>";
		};
/* End PBXGroup section */

/* Begin PBXNativeTarget section */
		7C7EE2A7201D2108000A4FDD /* ColorCollectionDemo */ = {
			isa = PBXNativeTarget;
			buildConfigurationList = 7C7EE2C5201D2108000A4FDD /* Build configuration list for PBXNativeTarget "ColorCollectionDemo" */;
			buildPhases = (
				7C7EE2A4201D2108000A4FDD /* Sources */,
				7C7EE2A5201D2108000A4FDD /* Frameworks */,
				7C7EE2A6201D2108000A4FDD /* Resources */,
			);
			buildRules = (
			);
			dependencies = (
			);
			name = ColorCollectionDemo;
			productName = ColorCollectionDemo;
			productReference = 7C7EE2A8201D2108000A4FDD /* ColorCollectionDemo.app */;
			productType = "com.apple.product-type.application";
		};
		7C7EE2BB201D2108000A4FDD /* ColorCollectionDemoTests */ = {
			isa = PBXNativeTarget;
			buildConfigurationList = 7C7EE2C8201D2108000A4FDD /* Build configuration list for PBXNativeTarget "ColorCollectionDemoTests" */;
			buildPhases = (
				7C7EE2B8201D2108000A4FDD /* Sources */,
				7C7EE2B9201D2108000A4FDD /* Frameworks */,
				7C7EE2BA201D2108000A4FDD /* Resources */,
			);
			buildRules = (
			);
			dependencies = (
				7C7EE2BE201D2108000A4FDD /* PBXTargetDependency */,
			);
			name = ColorCollectionDemoTests;
			productName = ColorCollectionDemoTests;
			productReference = 7C7EE2BC201D2108000A4FDD /* ColorCollectionDemoTests.xctest */;
			productType = "com.apple.product-type.bundle.unit-test";
		};
/* End PBXNativeTarget section */

/* Begin PBXProject section */
		7C7EE2A0201D2108000A4FDD /* Project object */ = {
			isa = PBXProject;
			attributes = {
				LastSwiftUpdateCheck = 0920;
				LastUpgradeCheck = 0920;
				ORGANIZATIONNAME = Tugboat;
				TargetAttributes = {
					7C7EE2A7201D2108000A4FDD = {
						CreatedOnToolsVersion = 9.2;
						ProvisioningStyle = Automatic;
					};
					7C7EE2BB201D2108000A4FDD = {
						CreatedOnToolsVersion = 9.2;
						ProvisioningStyle = Automatic;
						TestTargetID = 7C7EE2A7201D2108000A4FDD;
					};
				};
			};
			buildConfigurationList = 7C7EE2A3201D2108000A4FDD /* Build configuration list for PBXProject "ColorCollectionDemo" */;
			compatibilityVersion = "Xcode 8.0";
			developmentRegion = en;
			hasScannedForEncodings = 0;
			knownRegions = (
				en,
				Base,
			);
			mainGroup = 7C7EE29F201D2108000A4FDD;
			productRefGroup = 7C7EE2A9201D2108000A4FDD /* Products */;
			projectDirPath = "";
			projectRoot = "";
			targets = (
				7C7EE2A7201D2108000A4FDD /* ColorCollectionDemo */,
				7C7EE2BB201D2108000A4FDD /* ColorCollectionDemoTests */,
			);
		};
/* End PBXProject section */

/* Begin PBXResourcesBuildPhase section */
		7C7EE2A6201D2108000A4FDD /* Resources */ = {
			isa = PBXResourcesBuildPhase;
			buildActionMask = 2147483647;
			files = (
				7C7EE2B6201D2108000A4FDD /* LaunchScreen.storyboard in Resources */,
				7C7EE2B3201D2108000A4FDD /* Assets.xcassets in Resources */,
			);
			runOnlyForDeploymentPostprocessing = 0;
		};
		7C7EE2BA201D2108000A4FDD /* Resources */ = {
			isa = PBXResourcesBuildPhase;
			buildActionMask = 2147483647;
			files = (
			);
			runOnlyForDeploymentPostprocessing = 0;
		};
/* End PBXResourcesBuildPhase section */

/* Begin PBXSourcesBuildPhase section */
		7C7EE2A4201D2108000A4FDD /* Sources */ = {
			isa = PBXSourcesBuildPhase;
			buildActionMask = 2147483647;
			files = (
				7C7EE2AE201D2108000A4FDD /* ColorCollectionViewController.swift in Sources */,
				7C7EE2CC201D23A8000A4FDD /* ColorCollectionPresenter.swift in Sources */,
				7C7EE2AC201D2108000A4FDD /* AppDelegate.swift in Sources */,
			);
			runOnlyForDeploymentPostprocessing = 0;
		};
		7C7EE2B8201D2108000A4FDD /* Sources */ = {
			isa = PBXSourcesBuildPhase;
			buildActionMask = 2147483647;
			files = (
				7C7EE2C1201D2108000A4FDD /* ColorCollectionDemoTests.swift in Sources */,
			);
			runOnlyForDeploymentPostprocessing = 0;
		};
/* End PBXSourcesBuildPhase section */

/* Begin PBXTargetDependency section */
		7C7EE2BE201D2108000A4FDD /* PBXTargetDependency */ = {
			isa = PBXTargetDependency;
			target = 7C7EE2A7201D2108000A4FDD /* ColorCollectionDemo */;
			targetProxy = 7C7EE2BD201D2108000A4FDD /* PBXContainerItemProxy */;
		};
/* End PBXTargetDependency section */

/* Begin PBXVariantGroup section */
		7C7EE2B4201D2108000A4FDD /* LaunchScreen.storyboard */ = {
			isa = PBXVariantGroup;
			children = (
				7C7EE2B5201D2108000A4FDD /* Base */,
			);
			name = LaunchScreen.storyboard;
			sourceTree = "<group>";
		};
/* End PBXVariantGroup section */

/* Begin XCBuildConfiguration section */
		7C7EE2C3201D2108000A4FDD /* Debug */ = {
			isa = XCBuildConfiguration;
			buildSettings = {
				ALWAYS_SEARCH_USER_PATHS = NO;
				CLANG_ANALYZER_NONNULL = YES;
				CLANG_ANALYZER_NUMBER_OBJECT_CONVERSION = YES_AGGRESSIVE;
				CLANG_CXX_LANGUAGE_STANDARD = "gnu++14";
				CLANG_CXX_LIBRARY = "libc++";
				CLANG_ENABLE_MODULES = YES;
				CLANG_ENABLE_OBJC_ARC = YES;
				CLANG_WARN_BLOCK_CAPTURE_AUTORELEASING = YES;
				CLANG_WARN_BOOL_CONVERSION = YES;
				CLANG_WARN_COMMA = YES;
				CLANG_WARN_CONSTANT_CONVERSION = YES;
				CLANG_WARN_DIRECT_OBJC_ISA_USAGE = YES_ERROR;
				CLANG_WARN_DOCUMENTATION_COMMENTS = YES;
				CLANG_WARN_EMPTY_BODY = YES;
				CLANG_WARN_ENUM_CONVERSION = YES;
				CLANG_WARN_INFINITE_RECURSION = YES;
				CLANG_WARN_INT_CONVERSION = YES;
				CLANG_WARN_NON_LITERAL_NULL_CONVERSION = YES;
				CLANG_WARN_OBJC_LITERAL_CONVERSION = YES;
				CLANG_WARN_OBJC_ROOT_CLASS = YES_ERROR;
				CLANG_WARN_RANGE_LOOP_ANALYSIS = YES;
				CLANG_WARN_STRICT_PROTOTYPES = YES;
				CLANG_WARN_SUSPICIOUS_MOVE = YES;
				CLANG_WARN_UNGUARDED_AVAILABILITY = YES_AGGRESSIVE;
				CLANG_WARN_UNREACHABLE_CODE = YES;
				CLANG_WARN__DUPLICATE_METHOD_MATCH = YES;
				CODE_SIGN_IDENTITY = "iPhone Developer";
				COPY_PHASE_STRIP = NO;
				DEBUG_INFORMATION_FORMAT = dwarf;
				ENABLE_STRICT_OBJC_MSGSEND = YES;
				ENABLE_TESTABILITY = YES;
				GCC_C_LANGUAGE_STANDARD = gnu11;
				GCC_DYNAMIC_NO_PIC = NO;
				GCC_NO_COMMON_BLOCKS = YES;
				GCC_OPTIMIZATION_LEVEL = 0;
				GCC_PREPROCESSOR_DEFINITIONS = (
					"DEBUG=1",
					"$(inherited)",
				);
				GCC_WARN_64_TO_32_BIT_CONVERSION = YES;
				GCC_WARN_ABOUT_RETURN_TYPE = YES_ERROR;
				GCC_WARN_UNDECLARED_SELECTOR = YES;
				GCC_WARN_UNINITIALIZED_AUTOS = YES_AGGRESSIVE;
				GCC_WARN_UNUSED_FUNCTION = YES;
				GCC_WARN_UNUSED_VARIABLE = YES;
				IPHONEOS_DEPLOYMENT_TARGET = 11.2;
				MTL_ENABLE_DEBUG_INFO = YES;
				ONLY_ACTIVE_ARCH = YES;
				SDKROOT = iphoneos;
				SWIFT_ACTIVE_COMPILATION_CONDITIONS = DEBUG;
				SWIFT_OPTIMIZATION_LEVEL = "-Onone";
			};
			name = Debug;
		};
		7C7EE2C4201D2108000A4FDD /* Release */ = {
			isa = XCBuildConfiguration;
			buildSettings = {
				ALWAYS_SEARCH_USER_PATHS = NO;
				CLANG_ANALYZER_NONNULL = YES;
				CLANG_ANALYZER_NUMBER_OBJECT_CONVERSION = YES_AGGRESSIVE;
				CLANG_CXX_LANGUAGE_STANDARD = "gnu++14";
				CLANG_CXX_LIBRARY = "libc++";
				CLANG_ENABLE_MODULES = YES;
				CLANG_ENABLE_OBJC_ARC = YES;
				CLANG_WARN_BLOCK_CAPTURE_AUTORELEASING = YES;
				CLANG_WARN_BOOL_CONVERSION = YES;
				CLANG_WARN_COMMA = YES;
				CLANG_WARN_CONSTANT_CONVERSION = YES;
				CLANG_WARN_DIRECT_OBJC_ISA_USAGE = YES_ERROR;
				CLANG_WARN_DOCUMENTATION_COMMENTS = YES;
				CLANG_WARN_EMPTY_BODY = YES;
				CLANG_WARN_ENUM_CONVERSION = YES;
				CLANG_WARN_INFINITE_RECURSION = YES;
				CLANG_WARN_INT_CONVERSION = YES;
				CLANG_WARN_NON_LITERAL_NULL_CONVERSION = YES;
				CLANG_WARN_OBJC_LITERAL_CONVERSION = YES;
				CLANG_WARN_OBJC_ROOT_CLASS = YES_ERROR;
				CLANG_WARN_RANGE_LOOP_ANALYSIS = YES;
				CLANG_WARN_STRICT_PROTOTYPES = YES;
				CLANG_WARN_SUSPICIOUS_MOVE = YES;
				CLANG_WARN_UNGUARDED_AVAILABILITY = YES_AGGRESSIVE;
				CLANG_WARN_UNREACHABLE_CODE = YES;
				CLANG_WARN__DUPLICATE_METHOD_MATCH = YES;
				CODE_SIGN_IDENTITY = "iPhone Developer";
				COPY_PHASE_STRIP = NO;
				DEBUG_INFORMATION_FORMAT = "dwarf-with-dsym";
				ENABLE_NS_ASSERTIONS = NO;
				ENABLE_STRICT_OBJC_MSGSEND = YES;
				GCC_C_LANGUAGE_STANDARD = gnu11;
				GCC_NO_COMMON_BLOCKS = YES;
				GCC_WARN_64_TO_32_BIT_CONVERSION = YES;
				GCC_WARN_ABOUT_RETURN_TYPE = YES_ERROR;
				GCC_WARN_UNDECLARED_SELECTOR = YES;
				GCC_WARN_UNINITIALIZED_AUTOS = YES_AGGRESSIVE;
				GCC_WARN_UNUSED_FUNCTION = YES;
				GCC_WARN_UNUSED_VARIABLE = YES;
				IPHONEOS_DEPLOYMENT_TARGET = 11.2;
				MTL_ENABLE_DEBUG_INFO = NO;
				SDKROOT = iphoneos;
				SWIFT_OPTIMIZATION_LEVEL = "-Owholemodule";
				VALIDATE_PRODUCT = YES;
			};
			name = Release;
		};
		7C7EE2C6201D2108000A4FDD /* Debug */ = {
			isa = XCBuildConfiguration;
			buildSettings = {
				ASSETCATALOG_COMPILER_APPICON_NAME = AppIcon;
				CODE_SIGN_STYLE = Automatic;
				DEVELOPMENT_TEAM = V8GG58J7L2;
				INFOPLIST_FILE = ColorCollectionDemo/Info.plist;
				LD_RUNPATH_SEARCH_PATHS = "$(inherited) @executable_path/Frameworks";
				PRODUCT_BUNDLE_IDENTIFIER = nz.tugboat.ColorCollectionDemo;
				PRODUCT_NAME = "$(TARGET_NAME)";
				SWIFT_VERSION = 4.0;
				TARGETED_DEVICE_FAMILY = "1,2";
			};
			name = Debug;
		};
		7C7EE2C7201D2108000A4FDD /* Release */ = {
			isa = XCBuildConfiguration;
			buildSettings = {
				ASSETCATALOG_COMPILER_APPICON_NAME = AppIcon;
				CODE_SIGN_STYLE = Automatic;
				DEVELOPMENT_TEAM = V8GG58J7L2;
				INFOPLIST_FILE = ColorCollectionDemo/Info.plist;
				LD_RUNPATH_SEARCH_PATHS = "$(inherited) @executable_path/Frameworks";
				PRODUCT_BUNDLE_IDENTIFIER = nz.tugboat.ColorCollectionDemo;
				PRODUCT_NAME = "$(TARGET_NAME)";
				SWIFT_VERSION = 4.0;
				TARGETED_DEVICE_FAMILY = "1,2";
			};
			name = Release;
		};
		7C7EE2C9201D2108000A4FDD /* Debug */ = {
			isa = XCBuildConfiguration;
			buildSettings = {
				ALWAYS_EMBED_SWIFT_STANDARD_LIBRARIES = YES;
				BUNDLE_LOADER = "$(TEST_HOST)";
				CODE_SIGN_STYLE = Automatic;
				DEVELOPMENT_TEAM = V8GG58J7L2;
				INFOPLIST_FILE = ColorCollectionDemoTests/Info.plist;
				LD_RUNPATH_SEARCH_PATHS = "$(inherited) @executable_path/Frameworks @loader_path/Frameworks";
				PRODUCT_BUNDLE_IDENTIFIER = nz.tugboat.ColorCollectionDemoTests;
				PRODUCT_NAME = "$(TARGET_NAME)";
				SWIFT_VERSION = 4.0;
				TARGETED_DEVICE_FAMILY = "1,2";
				TEST_HOST = "$(BUILT_PRODUCTS_DIR)/ColorCollectionDemo.app/ColorCollectionDemo";
			};
			name = Debug;
		};
		7C7EE2CA201D2108000A4FDD /* Release */ = {
			isa = XCBuildConfiguration;
			buildSettings = {
				ALWAYS_EMBED_SWIFT_STANDARD_LIBRARIES = YES;
				BUNDLE_LOADER = "$(TEST_HOST)";
				CODE_SIGN_STYLE = Automatic;
				DEVELOPMENT_TEAM = V8GG58J7L2;
				INFOPLIST_FILE = ColorCollectionDemoTests/Info.plist;
				LD_RUNPATH_SEARCH_PATHS = "$(inherited) @executable_path/Frameworks @loader_path/Frameworks";
				PRODUCT_BUNDLE_IDENTIFIER = nz.tugboat.ColorCollectionDemoTests;
				PRODUCT_NAME = "$(TARGET_NAME)";
				SWIFT_VERSION = 4.0;
				TARGETED_DEVICE_FAMILY = "1,2";
				TEST_HOST = "$(BUILT_PRODUCTS_DIR)/ColorCollectionDemo.app/ColorCollectionDemo";
			};
			name = Release;
		};
/* End XCBuildConfiguration section */

/* Begin XCConfigurationList section */
		7C7EE2A3201D2108000A4FDD /* Build configuration list for PBXProject "ColorCollectionDemo" */ = {
			isa = XCConfigurationList;
			buildConfigurations = (
				7C7EE2C3201D2108000A4FDD /* Debug */,
				7C7EE2C4201D2108000A4FDD /* Release */,
			);
			defaultConfigurationIsVisible = 0;
			defaultConfigurationName = Release;
		};
		7C7EE2C5201D2108000A4FDD /* Build configuration list for PBXNativeTarget "ColorCollectionDemo" */ = {
			isa = XCConfigurationList;
			buildConfigurations = (
				7C7EE2C6201D2108000A4FDD /* Debug */,
				7C7EE2C7201D2108000A4FDD /* Release */,
			);
			defaultConfigurationIsVisible = 0;
			defaultConfigurationName = Release;
		};
		7C7EE2C8201D2108000A4FDD /* Build configuration list for PBXNativeTarget "ColorCollectionDemoTests" */ = {
			isa = XCConfigurationList;
			buildConfigurations = (
				7C7EE2C9201D2108000A4FDD /* Debug */,
				7C7EE2CA201D2108000A4FDD /* Release */,
			);
			defaultConfigurationIsVisible = 0;
			defaultConfigurationName = Release;
		};
/* End XCConfigurationList section */
	};
	rootObject = 7C7EE2A0201D2108000A4FDD /* Project object */;
}
